
Microsoft Visual Studio Solution File, Format Version 12.00
# Visual Studio 14
VisualStudioVersion = 14.0.24720.0
MinimumVisualStudioVersion = 10.0.40219.1
Project("{2150E333-8FDC-42A3-9474-1A3956D46DE8}") = "MVC", "MVC", "{A1F2E0BC-1915-49A5-BCDD-103D7495CFED}"
EndProject
Project("{FAE04EC0-301F-11D3-BF4B-00C04F79EFBC}") = "Active MVC", "Active MVC\Active MVC.csproj", "{F9E5F3AB-C803-4614-BD3A-FD385114E932}"
EndProject
Project("{FAE04EC0-301F-11D3-BF4B-00C04F79EFBC}") = "Passive MVC", "Passive MVC\Passive MVC.csproj", "{BE4C11A3-8DC0-4A2C-87C1-DDF595934B48}"
EndProject
Project("{2150E333-8FDC-42A3-9474-1A3956D46DE8}") = "Common", "Common", "{EF43AB64-4BCC-4E81-A4F9-04AEF0BAC195}"
EndProject
Project("{FAE04EC0-301F-11D3-BF4B-00C04F79EFBC}") = "Utilities", "Utilities\Utilities.csproj", "{2B4CF47D-A83F-4964-9726-121DC221BFD9}"
EndProject
Project("{2150E333-8FDC-42A3-9474-1A3956D46DE8}") = "MVP", "MVP", "{8ADAAF19-D96A-47D7-8EF0-66CC7DA78188}"
EndProject
Project("{FAE04EC0-301F-11D3-BF4B-00C04F79EFBC}") = "MVP Supervising Controller", "MVP Supervising Controller\MVP Supervising Controller.csproj", "{D02D6BDA-4966-43C8-8DF8-C47EA842BA87}"
EndProject
Global
	GlobalSection(SolutionConfigurationPlatforms) = preSolution
		Debug|Any CPU = Debug|Any CPU
		Release|Any CPU = Release|Any CPU
	EndGlobalSection
	GlobalSection(ProjectConfigurationPlatforms) = postSolution
		{F9E5F3AB-C803-4614-BD3A-FD385114E932}.Debug|Any CPU.ActiveCfg = Debug|Any CPU
		{F9E5F3AB-C803-4614-BD3A-FD385114E932}.Debug|Any CPU.Build.0 = Debug|Any CPU
		{F9E5F3AB-C803-4614-BD3A-FD385114E932}.Release|Any CPU.ActiveCfg = Release|Any CPU
		{F9E5F3AB-C803-4614-BD3A-FD385114E932}.Release|Any CPU.Build.0 = Release|Any CPU
		{BE4C11A3-8DC0-4A2C-87C1-DDF595934B48}.Debug|Any CPU.ActiveCfg = Debug|Any CPU
		{BE4C11A3-8DC0-4A2C-87C1-DDF595934B48}.Debug|Any CPU.Build.0 = Debug|Any CPU
		{BE4C11A3-8DC0-4A2C-87C1-DDF595934B48}.Release|Any CPU.ActiveCfg = Release|Any CPU
		{BE4C11A3-8DC0-4A2C-87C1-DDF595934B48}.Release|Any CPU.Build.0 = Release|Any CPU
		{2B4CF47D-A83F-4964-9726-121DC221BFD9}.Debug|Any CPU.ActiveCfg = Debug|Any CPU
		{2B4CF47D-A83F-4964-9726-121DC221BFD9}.Debug|Any CPU.Build.0 = Debug|Any CPU
		{2B4CF47D-A83F-4964-9726-121DC221BFD9}.Release|Any CPU.ActiveCfg = Release|Any CPU
		{2B4CF47D-A83F-4964-9726-121DC221BFD9}.Release|Any CPU.Build.0 = Release|Any CPU
		{D02D6BDA-4966-43C8-8DF8-C47EA842BA87}.Debug|Any CPU.ActiveCfg = Debug|Any CPU
		{D02D6BDA-4966-43C8-8DF8-C47EA842BA87}.Debug|Any CPU.Build.0 = Debug|Any CPU
		{D02D6BDA-4966-43C8-8DF8-C47EA842BA87}.Release|Any CPU.ActiveCfg = Release|Any CPU
		{D02D6BDA-4966-43C8-8DF8-C47EA842BA87}.Release|Any CPU.Build.0 = Release|Any CPU
	EndGlobalSection
	GlobalSection(SolutionProperties) = preSolution
		HideSolutionNode = FALSE
	EndGlobalSection
	GlobalSection(NestedProjects) = preSolution
		{F9E5F3AB-C803-4614-BD3A-FD385114E932} = {A1F2E0BC-1915-49A5-BCDD-103D7495CFED}
		{BE4C11A3-8DC0-4A2C-87C1-DDF595934B48} = {A1F2E0BC-1915-49A5-BCDD-103D7495CFED}
		{2B4CF47D-A83F-4964-9726-121DC221BFD9} = {EF43AB64-4BCC-4E81-A4F9-04AEF0BAC195}
		{D02D6BDA-4966-43C8-8DF8-C47EA842BA87} = {8ADAAF19-D96A-47D7-8EF0-66CC7DA78188}
	EndGlobalSection
EndGlobal
